
Microsoft Visual Studio Solution File, Format Version 12.00
# Visual Studio Version 17
VisualStudioVersion = 17.0.31912.275
MinimumVisualStudioVersion = 10.0.40219.1
Project("{9A19103F-16F7-4668-BE54-9A1E7A4F7556}") = "Exir", "Exir\Exir.csproj", "{CFB383C2-EE47-4AD1-988D-64F4D15ED95B}"
EndProject
Global
	GlobalSection(SolutionConfigurationPlatforms) = preSolution
		Debug|Any CPU = Debug|Any CPU
		Release|Any CPU = Release|Any CPU
	EndGlobalSection
	GlobalSection(ProjectConfigurationPlatforms) = postSolution
		{CFB383C2-EE47-4AD1-988D-64F4D15ED95B}.Debug|Any CPU.ActiveCfg = Debug|Any CPU
		{CFB383C2-EE47-4AD1-988D-64F4D15ED95B}.Debug|Any CPU.Build.0 = Debug|Any CPU
		{CFB383C2-EE47-4AD1-988D-64F4D15ED95B}.Release|Any CPU.ActiveCfg = Release|Any CPU
		{CFB383C2-EE47-4AD1-988D-64F4D15ED95B}.Release|Any CPU.Build.0 = Release|Any CPU
	EndGlobalSection
	GlobalSection(SolutionProperties) = preSolution
		HideSolutionNode = FALSE
	EndGlobalSection
	GlobalSection(ExtensibilityGlobals) = postSolution
		SolutionGuid = {886D7155-DE91-4B55-B091-5B9A77DA6A9E}
	EndGlobalSection
EndGlobal
